// !$*UTF8*$!
{
	archiveVersion = 1;
	classes = {
	};
	objectVersion = 50;
	objects = {

/* Begin PBXBuildFile section */
		C938CC152124D51200BAC374 /* IAGLButton.cpp in Sources */ = {isa = PBXBuildFile; fileRef = C938CC142124D51200BAC374 /* IAGLButton.cpp */; };
		C938CC182125CFB100BAC374 /* IAGeometryReader.cxx in Sources */ = {isa = PBXBuildFile; fileRef = C938CC162125CFB100BAC374 /* IAGeometryReader.cxx */; };
		C938CC20212602F600BAC374 /* IAGeometryReaderBinaryStl.cxx in Sources */ = {isa = PBXBuildFile; fileRef = C938CC1F212602F600BAC374 /* IAGeometryReaderBinaryStl.cxx */; };
		C938CC232126E67700BAC374 /* IAMath.cpp in Sources */ = {isa = PBXBuildFile; fileRef = C938CC212126E67600BAC374 /* IAMath.cpp */; };
		C96B1434211A3E9F00978AC7 /* Assets.xcassets in Resources */ = {isa = PBXBuildFile; fileRef = C96B1433211A3E9F00978AC7 /* Assets.xcassets */; };
		C97632CA211E2DD000D9D4B5 /* Iota.cpp in Sources */ = {isa = PBXBuildFile; fileRef = C97632C5211E2DD000D9D4B5 /* Iota.cpp */; };
		C97632CB211E2DD000D9D4B5 /* IAGUIMain.fl in Sources */ = {isa = PBXBuildFile; fileRef = C97632C6211E2DD000D9D4B5 /* IAGUIMain.fl */; };
		C97632CD211E2DD000D9D4B5 /* IAVector3d.cpp in Sources */ = {isa = PBXBuildFile; fileRef = C97632C9211E2DD000D9D4B5 /* IAVector3d.cpp */; };
		C97632D1211E317F00D9D4B5 /* IAVertex.cpp in Sources */ = {isa = PBXBuildFile; fileRef = C97632D0211E317F00D9D4B5 /* IAVertex.cpp */; };
		C97632D4211E325C00D9D4B5 /* IAEdge.cpp in Sources */ = {isa = PBXBuildFile; fileRef = C97632D3211E325C00D9D4B5 /* IAEdge.cpp */; };
		C97632D7211E33B000D9D4B5 /* IAMesh.cpp in Sources */ = {isa = PBXBuildFile; fileRef = C97632D6211E33B000D9D4B5 /* IAMesh.cpp */; };
		C97632DA211E348E00D9D4B5 /* IATriangle.cpp in Sources */ = {isa = PBXBuildFile; fileRef = C97632D8211E348E00D9D4B5 /* IATriangle.cpp */; };
		C97632DD211E357500D9D4B5 /* IASlice.cpp in Sources */ = {isa = PBXBuildFile; fileRef = C97632DC211E357500D9D4B5 /* IASlice.cpp */; };
		C97632E0211E395200D9D4B5 /* lib3ds.a in Frameworks */ = {isa = PBXBuildFile; fileRef = C97632DF211E395200D9D4B5 /* lib3ds.a */; };
		C97632EB211F685100D9D4B5 /* binaryData.fl in Sources */ = {isa = PBXBuildFile; fileRef = C97632EA211F685100D9D4B5 /* binaryData.fl */; };
		C97632EF211FA7CC00D9D4B5 /* IAPrinter.cpp in Sources */ = {isa = PBXBuildFile; fileRef = C97632ED211FA7CC00D9D4B5 /* IAPrinter.cpp */; };
		C98C66B721205D1D00BD3ACE /* IAFmtTexJpeg.cxx in Sources */ = {isa = PBXBuildFile; fileRef = C98C66B621205D1D00BD3ACE /* IAFmtTexJpeg.cxx */; };
		C98C66BC21205D3C00BD3ACE /* IAGeometryReaderTextStl.cxx in Sources */ = {isa = PBXBuildFile; fileRef = C98C66B921205D3C00BD3ACE /* IAGeometryReaderTextStl.cxx */; };
		C98C66BD21205D3C00BD3ACE /* IAFmtObj3ds.cxx in Sources */ = {isa = PBXBuildFile; fileRef = C98C66BA21205D3C00BD3ACE /* IAFmtObj3ds.cxx */; };
		C98C66C321208C6400BD3ACE /* IACamera.cpp in Sources */ = {isa = PBXBuildFile; fileRef = C98C66C121208C6300BD3ACE /* IACamera.cpp */; };
		C99331E62123068F00629BE1 /* helpAbout.html in Resources */ = {isa = PBXBuildFile; fileRef = C99331E52123068E00629BE1 /* helpAbout.html */; };
		C99331E821230BDB00629BE1 /* helpLicenses.html in Resources */ = {isa = PBXBuildFile; fileRef = C99331E721230BDB00629BE1 /* helpLicenses.html */; };
		C993323921238A4900629BE1 /* curve.c in Sources */ = {isa = PBXBuildFile; fileRef = C99331F42123881800629BE1 /* curve.c */; };
		C993323A21238A5100629BE1 /* trace.c in Sources */ = {isa = PBXBuildFile; fileRef = C99331F12123881800629BE1 /* trace.c */; };
		C993323B21238A5900629BE1 /* decompose.c in Sources */ = {isa = PBXBuildFile; fileRef = C993320D2123881800629BE1 /* decompose.c */; };
		C993323C21238A7200629BE1 /* potracelib.c in Sources */ = {isa = PBXBuildFile; fileRef = C993321A2123881800629BE1 /* potracelib.c */; };
		C993323D21238A9700629BE1 /* potracelib_demo.c in Sources */ = {isa = PBXBuildFile; fileRef = C99332052123881800629BE1 /* potracelib_demo.c */; };
		C9CD015A21204C2700713CAF /* IASceneView.cpp in Sources */ = {isa = PBXBuildFile; fileRef = C9CD015921204C2600713CAF /* IASceneView.cpp */; };
		C9D3871E211A425E009F7580 /* libfltk_images.a in Frameworks */ = {isa = PBXBuildFile; fileRef = C9D38718211A425E009F7580 /* libfltk_images.a */; };
		C9D3871F211A425E009F7580 /* libfltk_png.a in Frameworks */ = {isa = PBXBuildFile; fileRef = C9D38719211A425E009F7580 /* libfltk_png.a */; };
		C9D38720211A425E009F7580 /* libfltk.a in Frameworks */ = {isa = PBXBuildFile; fileRef = C9D3871A211A425E009F7580 /* libfltk.a */; };
		C9D38721211A425E009F7580 /* libfltk_jpeg.a in Frameworks */ = {isa = PBXBuildFile; fileRef = C9D3871B211A425E009F7580 /* libfltk_jpeg.a */; };
		C9D38722211A425E009F7580 /* libfltk_gl.a in Frameworks */ = {isa = PBXBuildFile; fileRef = C9D3871C211A425E009F7580 /* libfltk_gl.a */; };
		C9D38723211A425E009F7580 /* libfltk_z.a in Frameworks */ = {isa = PBXBuildFile; fileRef = C9D3871D211A425E009F7580 /* libfltk_z.a */; };
		C9D38726211A4355009F7580 /* CoreFoundation.framework in Frameworks */ = {isa = PBXBuildFile; fileRef = C9D38725211A4355009F7580 /* CoreFoundation.framework */; };
		C9D38728211A4363009F7580 /* CoreGraphics.framework in Frameworks */ = {isa = PBXBuildFile; fileRef = C9D38727211A4363009F7580 /* CoreGraphics.framework */; };
		C9D3872A211A436F009F7580 /* CoreText.framework in Frameworks */ = {isa = PBXBuildFile; fileRef = C9D38729211A436F009F7580 /* CoreText.framework */; };
		C9D3872C211A43D0009F7580 /* OpenGL.framework in Frameworks */ = {isa = PBXBuildFile; fileRef = C9D3872B211A43D0009F7580 /* OpenGL.framework */; };
		C9D3872E211A43F2009F7580 /* AppKit.framework in Frameworks */ = {isa = PBXBuildFile; fileRef = C9D3872D211A43F2009F7580 /* AppKit.framework */; };
		C9D38737211A4B75009F7580 /* README.md in Resources */ = {isa = PBXBuildFile; fileRef = C9D38736211A4B75009F7580 /* README.md */; };
		C9DC51B9211A7CE000AE069F /* index.html in Resources */ = {isa = PBXBuildFile; fileRef = C9DC51B8211A7CDF00AE069F /* index.html */; };
		C9E4C31121285AFB004ED18C /* IAFramebuffer.cpp in Sources */ = {isa = PBXBuildFile; fileRef = C9E4C31021285AFB004ED18C /* IAFramebuffer.cpp */; };
/* End PBXBuildFile section */

/* Begin PBXBuildRule section */
		C9D38731211A4565009F7580 /* PBXBuildRule */ = {
			isa = PBXBuildRule;
			compilerSpec = com.apple.compilers.proxy.script;
			filePatterns = "*.fl";
			fileType = pattern.proxy;
			isEditable = 1;
			outputFiles = (
				"${INPUT_FILE_DIR}/${INPUT_FILE_BASE}.cpp",
				"${INPUT_FILE_DIR}/${INPUT_FILE_BASE}.h",
			);
			script = "cd ${INPUT_FILE_DIR} && ${PROJECT_DIR}/bin/fluid -c ${INPUT_FILE_NAME}";
		};
/* End PBXBuildRule section */

/* Begin PBXFileReference section */
		C938CC132124D51200BAC374 /* IAGLButton.h */ = {isa = PBXFileReference; fileEncoding = 4; lastKnownFileType = sourcecode.c.h; path = IAGLButton.h; sourceTree = "<group>"; };
		C938CC142124D51200BAC374 /* IAGLButton.cpp */ = {isa = PBXFileReference; fileEncoding = 4; lastKnownFileType = sourcecode.cpp.cpp; path = IAGLButton.cpp; sourceTree = "<group>"; };
		C938CC162125CFB100BAC374 /* IAGeometryReader.cxx */ = {isa = PBXFileReference; fileEncoding = 4; lastKnownFileType = sourcecode.cpp.cpp; path = IAGeometryReader.cxx; sourceTree = "<group>"; };
		C938CC172125CFB100BAC374 /* IAGeometryReader.h */ = {isa = PBXFileReference; fileEncoding = 4; lastKnownFileType = sourcecode.c.h; path = IAGeometryReader.h; sourceTree = "<group>"; };
		C938CC192125EF7000BAC374 /* auxiliary.h */ = {isa = PBXFileReference; lastKnownFileType = sourcecode.c.h; path = auxiliary.h; sourceTree = "<group>"; };
		C938CC1B2125F00700BAC374 /* bitmap.h */ = {isa = PBXFileReference; lastKnownFileType = sourcecode.c.h; path = bitmap.h; sourceTree = "<group>"; };
		C938CC1C2125F05500BAC374 /* lists.h */ = {isa = PBXFileReference; lastKnownFileType = sourcecode.c.h; path = lists.h; sourceTree = "<group>"; };
		C938CC1D2125F08B00BAC374 /* progress.h */ = {isa = PBXFileReference; lastKnownFileType = sourcecode.c.h; path = progress.h; sourceTree = "<group>"; };
		C938CC1E212602F600BAC374 /* IAGeometryReaderBinaryStl.h */ = {isa = PBXFileReference; fileEncoding = 4; lastKnownFileType = sourcecode.c.h; path = IAGeometryReaderBinaryStl.h; sourceTree = "<group>"; };
		C938CC1F212602F600BAC374 /* IAGeometryReaderBinaryStl.cxx */ = {isa = PBXFileReference; fileEncoding = 4; lastKnownFileType = sourcecode.cpp.cpp; path = IAGeometryReaderBinaryStl.cxx; sourceTree = "<group>"; };
		C938CC212126E67600BAC374 /* IAMath.cpp */ = {isa = PBXFileReference; fileEncoding = 4; lastKnownFileType = sourcecode.cpp.cpp; path = IAMath.cpp; sourceTree = "<group>"; };
		C938CC222126E67700BAC374 /* IAMath.h */ = {isa = PBXFileReference; fileEncoding = 4; lastKnownFileType = sourcecode.c.h; path = IAMath.h; sourceTree = "<group>"; };
		C96B142D211A3E9E00978AC7 /* Iota.app */ = {isa = PBXFileReference; explicitFileType = wrapper.application; includeInIndex = 0; path = Iota.app; sourceTree = BUILT_PRODUCTS_DIR; };
		C96B1433211A3E9F00978AC7 /* Assets.xcassets */ = {isa = PBXFileReference; lastKnownFileType = folder.assetcatalog; path = Assets.xcassets; sourceTree = "<group>"; };
		C96B1438211A3E9F00978AC7 /* Info.plist */ = {isa = PBXFileReference; lastKnownFileType = text.plist.xml; path = Info.plist; sourceTree = "<group>"; };
		C97632C4211E2DD000D9D4B5 /* IAVector3d.h */ = {isa = PBXFileReference; fileEncoding = 4; lastKnownFileType = sourcecode.c.h; path = IAVector3d.h; sourceTree = "<group>"; };
		C97632C5211E2DD000D9D4B5 /* Iota.cpp */ = {isa = PBXFileReference; fileEncoding = 4; lastKnownFileType = sourcecode.cpp.cpp; path = Iota.cpp; sourceTree = "<group>"; };
		C97632C6211E2DD000D9D4B5 /* IAGUIMain.fl */ = {isa = PBXFileReference; fileEncoding = 4; lastKnownFileType = sourcecode.fluid; path = IAGUIMain.fl; sourceTree = "<group>"; };
		C97632C9211E2DD000D9D4B5 /* IAVector3d.cpp */ = {isa = PBXFileReference; fileEncoding = 4; lastKnownFileType = sourcecode.cpp.cpp; path = IAVector3d.cpp; sourceTree = "<group>"; };
		C97632CF211E317F00D9D4B5 /* IAVertex.h */ = {isa = PBXFileReference; fileEncoding = 4; lastKnownFileType = sourcecode.c.h; path = IAVertex.h; sourceTree = "<group>"; };
		C97632D0211E317F00D9D4B5 /* IAVertex.cpp */ = {isa = PBXFileReference; fileEncoding = 4; lastKnownFileType = sourcecode.cpp.cpp; path = IAVertex.cpp; sourceTree = "<group>"; };
		C97632D2211E325C00D9D4B5 /* IAEdge.h */ = {isa = PBXFileReference; fileEncoding = 4; lastKnownFileType = sourcecode.c.h; path = IAEdge.h; sourceTree = "<group>"; };
		C97632D3211E325C00D9D4B5 /* IAEdge.cpp */ = {isa = PBXFileReference; fileEncoding = 4; lastKnownFileType = sourcecode.cpp.cpp; path = IAEdge.cpp; sourceTree = "<group>"; };
		C97632D5211E33B000D9D4B5 /* IAMesh.h */ = {isa = PBXFileReference; fileEncoding = 4; lastKnownFileType = sourcecode.c.h; path = IAMesh.h; sourceTree = "<group>"; };
		C97632D6211E33B000D9D4B5 /* IAMesh.cpp */ = {isa = PBXFileReference; fileEncoding = 4; lastKnownFileType = sourcecode.cpp.cpp; path = IAMesh.cpp; sourceTree = "<group>"; };
		C97632D8211E348E00D9D4B5 /* IATriangle.cpp */ = {isa = PBXFileReference; fileEncoding = 4; lastKnownFileType = sourcecode.cpp.cpp; path = IATriangle.cpp; sourceTree = "<group>"; };
		C97632D9211E348E00D9D4B5 /* IATriangle.h */ = {isa = PBXFileReference; fileEncoding = 4; lastKnownFileType = sourcecode.c.h; path = IATriangle.h; sourceTree = "<group>"; };
		C97632DB211E357500D9D4B5 /* IASlice.h */ = {isa = PBXFileReference; fileEncoding = 4; lastKnownFileType = sourcecode.c.h; path = IASlice.h; sourceTree = "<group>"; };
		C97632DC211E357500D9D4B5 /* IASlice.cpp */ = {isa = PBXFileReference; fileEncoding = 4; lastKnownFileType = sourcecode.cpp.cpp; path = IASlice.cpp; sourceTree = "<group>"; };
		C97632DE211E394000D9D4B5 /* lib3ds.h */ = {isa = PBXFileReference; fileEncoding = 4; lastKnownFileType = sourcecode.c.h; lineEnding = 0; path = lib3ds.h; sourceTree = "<group>"; };
		C97632DF211E395200D9D4B5 /* lib3ds.a */ = {isa = PBXFileReference; lastKnownFileType = archive.ar; name = lib3ds.a; path = lib/lib3ds.a; sourceTree = "<group>"; };
		C97632E6211E41F700D9D4B5 /* testcard1024.jpg */ = {isa = PBXFileReference; lastKnownFileType = image.jpeg; path = testcard1024.jpg; sourceTree = "<group>"; };
		C97632E7211F67F200D9D4B5 /* suzanne.stl */ = {isa = PBXFileReference; lastKnownFileType = file; path = suzanne.stl; sourceTree = "<group>"; };
		C97632EA211F685100D9D4B5 /* binaryData.fl */ = {isa = PBXFileReference; fileEncoding = 4; lastKnownFileType = sourcecode.fluid; path = binaryData.fl; sourceTree = "<group>"; };
		C97632ED211FA7CC00D9D4B5 /* IAPrinter.cpp */ = {isa = PBXFileReference; fileEncoding = 4; lastKnownFileType = sourcecode.cpp.cpp; path = IAPrinter.cpp; sourceTree = "<group>"; };
		C97632EE211FA7CC00D9D4B5 /* IAPrinter.h */ = {isa = PBXFileReference; fileEncoding = 4; lastKnownFileType = sourcecode.c.h; path = IAPrinter.h; sourceTree = "<group>"; };
		C98C66B32120550C00BD3ACE /* xyz.stl */ = {isa = PBXFileReference; lastKnownFileType = file; path = xyz.stl; sourceTree = "<group>"; };
		C98C66B521205D1D00BD3ACE /* IAFmtTexJpeg.h */ = {isa = PBXFileReference; fileEncoding = 4; lastKnownFileType = sourcecode.c.h; path = IAFmtTexJpeg.h; sourceTree = "<group>"; };
		C98C66B621205D1D00BD3ACE /* IAFmtTexJpeg.cxx */ = {isa = PBXFileReference; fileEncoding = 4; lastKnownFileType = sourcecode.cpp.cpp; path = IAFmtTexJpeg.cxx; sourceTree = "<group>"; };
		C98C66B821205D3C00BD3ACE /* IAGeometryReaderTextStl.h */ = {isa = PBXFileReference; fileEncoding = 4; lastKnownFileType = sourcecode.c.h; path = IAGeometryReaderTextStl.h; sourceTree = "<group>"; };
		C98C66B921205D3C00BD3ACE /* IAGeometryReaderTextStl.cxx */ = {isa = PBXFileReference; fileEncoding = 4; lastKnownFileType = sourcecode.cpp.cpp; path = IAGeometryReaderTextStl.cxx; sourceTree = "<group>"; };
		C98C66BA21205D3C00BD3ACE /* IAFmtObj3ds.cxx */ = {isa = PBXFileReference; fileEncoding = 4; lastKnownFileType = sourcecode.cpp.cpp; path = IAFmtObj3ds.cxx; sourceTree = "<group>"; };
		C98C66BB21205D3C00BD3ACE /* IAFmtObj3ds.h */ = {isa = PBXFileReference; fileEncoding = 4; lastKnownFileType = sourcecode.c.h; path = IAFmtObj3ds.h; sourceTree = "<group>"; };
		C98C66BF212060EE00BD3ACE /* updateFLTK.txt */ = {isa = PBXFileReference; lastKnownFileType = text; path = updateFLTK.txt; sourceTree = "<group>"; };
		C98C66C02120610B00BD3ACE /* slicer.txt */ = {isa = PBXFileReference; lastKnownFileType = text; path = slicer.txt; sourceTree = "<group>"; };
		C98C66C121208C6300BD3ACE /* IACamera.cpp */ = {isa = PBXFileReference; fileEncoding = 4; lastKnownFileType = sourcecode.cpp.cpp; path = IACamera.cpp; sourceTree = "<group>"; };
		C98C66C221208C6300BD3ACE /* IACamera.h */ = {isa = PBXFileReference; fileEncoding = 4; lastKnownFileType = sourcecode.c.h; path = IACamera.h; sourceTree = "<group>"; };
		C99331E52123068E00629BE1 /* helpAbout.html */ = {isa = PBXFileReference; fileEncoding = 4; lastKnownFileType = text.html; path = helpAbout.html; sourceTree = "<group>"; };
		C99331E721230BDB00629BE1 /* helpLicenses.html */ = {isa = PBXFileReference; fileEncoding = 4; lastKnownFileType = text.html; path = helpLicenses.html; sourceTree = "<group>"; };
		C99331EF2123881800629BE1 /* decompose.h */ = {isa = PBXFileReference; fileEncoding = 4; lastKnownFileType = sourcecode.c.h; path = decompose.h; sourceTree = "<group>"; };
		C99331F12123881800629BE1 /* trace.c */ = {isa = PBXFileReference; fileEncoding = 4; lastKnownFileType = sourcecode.c.c; path = trace.c; sourceTree = "<group>"; };
		C99331F42123881800629BE1 /* curve.c */ = {isa = PBXFileReference; fileEncoding = 4; lastKnownFileType = sourcecode.c.c; path = curve.c; sourceTree = "<group>"; };
		C99331FD2123881800629BE1 /* config.h */ = {isa = PBXFileReference; fileEncoding = 4; lastKnownFileType = sourcecode.c.h; path = config.h; sourceTree = "<group>"; };
		C99332052123881800629BE1 /* potracelib_demo.c */ = {isa = PBXFileReference; fileEncoding = 4; lastKnownFileType = sourcecode.c.c; path = potracelib_demo.c; sourceTree = "<group>"; };
		C99332062123881800629BE1 /* potracelib.h */ = {isa = PBXFileReference; fileEncoding = 4; lastKnownFileType = sourcecode.c.h; path = potracelib.h; sourceTree = "<group>"; };
		C99332082123881800629BE1 /* curve.h */ = {isa = PBXFileReference; fileEncoding = 4; lastKnownFileType = sourcecode.c.h; path = curve.h; sourceTree = "<group>"; };
		C993320D2123881800629BE1 /* decompose.c */ = {isa = PBXFileReference; fileEncoding = 4; lastKnownFileType = sourcecode.c.c; path = decompose.c; sourceTree = "<group>"; };
		C993320E2123881800629BE1 /* trace.h */ = {isa = PBXFileReference; fileEncoding = 4; lastKnownFileType = sourcecode.c.h; path = trace.h; sourceTree = "<group>"; };
		C993321A2123881800629BE1 /* potracelib.c */ = {isa = PBXFileReference; fileEncoding = 4; lastKnownFileType = sourcecode.c.c; path = potracelib.c; sourceTree = "<group>"; };
		C993321C2123881800629BE1 /* platform.h */ = {isa = PBXFileReference; fileEncoding = 4; lastKnownFileType = sourcecode.c.h; path = platform.h; sourceTree = "<group>"; };
		C9CD015821204C2600713CAF /* IASceneView.h */ = {isa = PBXFileReference; fileEncoding = 4; lastKnownFileType = sourcecode.c.h; path = IASceneView.h; sourceTree = "<group>"; };
		C9CD015921204C2600713CAF /* IASceneView.cpp */ = {isa = PBXFileReference; fileEncoding = 4; lastKnownFileType = sourcecode.cpp.cpp; path = IASceneView.cpp; sourceTree = "<group>"; };
		C9CD015B21204D0700713CAF /* Iota.h */ = {isa = PBXFileReference; lastKnownFileType = sourcecode.c.h; path = Iota.h; sourceTree = "<group>"; };
		C9D38718211A425E009F7580 /* libfltk_images.a */ = {isa = PBXFileReference; lastKnownFileType = archive.ar; name = libfltk_images.a; path = lib/libfltk_images.a; sourceTree = "<group>"; };
		C9D38719211A425E009F7580 /* libfltk_png.a */ = {isa = PBXFileReference; lastKnownFileType = archive.ar; name = libfltk_png.a; path = lib/libfltk_png.a; sourceTree = "<group>"; };
		C9D3871A211A425E009F7580 /* libfltk.a */ = {isa = PBXFileReference; lastKnownFileType = archive.ar; name = libfltk.a; path = lib/libfltk.a; sourceTree = "<group>"; };
		C9D3871B211A425E009F7580 /* libfltk_jpeg.a */ = {isa = PBXFileReference; lastKnownFileType = archive.ar; name = libfltk_jpeg.a; path = lib/libfltk_jpeg.a; sourceTree = "<group>"; };
		C9D3871C211A425E009F7580 /* libfltk_gl.a */ = {isa = PBXFileReference; lastKnownFileType = archive.ar; name = libfltk_gl.a; path = lib/libfltk_gl.a; sourceTree = "<group>"; };
		C9D3871D211A425E009F7580 /* libfltk_z.a */ = {isa = PBXFileReference; lastKnownFileType = archive.ar; name = libfltk_z.a; path = lib/libfltk_z.a; sourceTree = "<group>"; };
		C9D38725211A4355009F7580 /* CoreFoundation.framework */ = {isa = PBXFileReference; lastKnownFileType = wrapper.framework; name = CoreFoundation.framework; path = System/Library/Frameworks/CoreFoundation.framework; sourceTree = SDKROOT; };
		C9D38727211A4363009F7580 /* CoreGraphics.framework */ = {isa = PBXFileReference; lastKnownFileType = wrapper.framework; name = CoreGraphics.framework; path = System/Library/Frameworks/CoreGraphics.framework; sourceTree = SDKROOT; };
		C9D38729211A436F009F7580 /* CoreText.framework */ = {isa = PBXFileReference; lastKnownFileType = wrapper.framework; name = CoreText.framework; path = System/Library/Frameworks/CoreText.framework; sourceTree = SDKROOT; };
		C9D3872B211A43D0009F7580 /* OpenGL.framework */ = {isa = PBXFileReference; lastKnownFileType = wrapper.framework; name = OpenGL.framework; path = System/Library/Frameworks/OpenGL.framework; sourceTree = SDKROOT; };
		C9D3872D211A43F2009F7580 /* AppKit.framework */ = {isa = PBXFileReference; lastKnownFileType = wrapper.framework; name = AppKit.framework; path = System/Library/Frameworks/AppKit.framework; sourceTree = SDKROOT; };
		C9D38736211A4B75009F7580 /* README.md */ = {isa = PBXFileReference; fileEncoding = 4; lastKnownFileType = net.daringfireball.markdown; name = README.md; path = ../../README.md; sourceTree = "<group>"; };
		C9DC51B8211A7CDF00AE069F /* index.html */ = {isa = PBXFileReference; fileEncoding = 4; lastKnownFileType = text.html; path = index.html; sourceTree = "<group>"; };
		C9E4C30F21285AFB004ED18C /* IAFramebuffer.h */ = {isa = PBXFileReference; fileEncoding = 4; lastKnownFileType = sourcecode.c.h; path = IAFramebuffer.h; sourceTree = "<group>"; };
		C9E4C31021285AFB004ED18C /* IAFramebuffer.cpp */ = {isa = PBXFileReference; fileEncoding = 4; lastKnownFileType = sourcecode.cpp.cpp; path = IAFramebuffer.cpp; sourceTree = "<group>"; };
/* End PBXFileReference section */

/* Begin PBXFrameworksBuildPhase section */
		C96B142A211A3E9E00978AC7 /* Frameworks */ = {
			isa = PBXFrameworksBuildPhase;
			buildActionMask = 2147483647;
			files = (
				C9D3872E211A43F2009F7580 /* AppKit.framework in Frameworks */,
				C9D3872C211A43D0009F7580 /* OpenGL.framework in Frameworks */,
				C9D3872A211A436F009F7580 /* CoreText.framework in Frameworks */,
				C9D38728211A4363009F7580 /* CoreGraphics.framework in Frameworks */,
				C97632E0211E395200D9D4B5 /* lib3ds.a in Frameworks */,
				C9D38726211A4355009F7580 /* CoreFoundation.framework in Frameworks */,
				C9D3871F211A425E009F7580 /* libfltk_png.a in Frameworks */,
				C9D3871E211A425E009F7580 /* libfltk_images.a in Frameworks */,
				C9D38721211A425E009F7580 /* libfltk_jpeg.a in Frameworks */,
				C9D38722211A425E009F7580 /* libfltk_gl.a in Frameworks */,
				C9D38720211A425E009F7580 /* libfltk.a in Frameworks */,
				C9D38723211A425E009F7580 /* libfltk_z.a in Frameworks */,
			);
			runOnlyForDeploymentPostprocessing = 0;
		};
/* End PBXFrameworksBuildPhase section */

/* Begin PBXGroup section */
		C96B1424211A3E9E00978AC7 = {
			isa = PBXGroup;
			children = (
				C9D38736211A4B75009F7580 /* README.md */,
				C96B1444211A402900978AC7 /* src */,
				C9DC51B7211A7CDF00AE069F /* html */,
				C98C66BE212060EE00BD3ACE /* Notes */,
				C96B1447211A422D00978AC7 /* libs */,
				C96B142F211A3E9E00978AC7 /* MacOS */,
				C96B142E211A3E9E00978AC7 /* Products */,
			);
			sourceTree = "<group>";
		};
		C96B142E211A3E9E00978AC7 /* Products */ = {
			isa = PBXGroup;
			children = (
				C96B142D211A3E9E00978AC7 /* Iota.app */,
			);
			name = Products;
			sourceTree = "<group>";
		};
		C96B142F211A3E9E00978AC7 /* MacOS */ = {
			isa = PBXGroup;
			children = (
				C96B1438211A3E9F00978AC7 /* Info.plist */,
				C96B1433211A3E9F00978AC7 /* Assets.xcassets */,
				C9D38724211A4355009F7580 /* Frameworks */,
			);
			name = MacOS;
			sourceTree = "<group>";
		};
		C96B1444211A402900978AC7 /* src */ = {
			isa = PBXGroup;
			children = (
				C97632C5211E2DD000D9D4B5 /* Iota.cpp */,
				C9CD015B21204D0700713CAF /* Iota.h */,
				C9E4C30E21285AFB004ED18C /* opengl */,
				C9CD015721204C2600713CAF /* userinterface */,
				C97632EC211FA7CC00D9D4B5 /* printer */,
				C97632CE211E2FFA00D9D4B5 /* geometry */,
				C98C66B421205D1D00BD3ACE /* fileformats */,
				C99331EA2123881800629BE1 /* potrace */,
				C97632E4211E41F700D9D4B5 /* data */,
			);
			name = src;
			path = ../../src;
			sourceTree = "<group>";
		};
		C96B1447211A422D00978AC7 /* libs */ = {
			isa = PBXGroup;
			children = (
				C9D3871C211A425E009F7580 /* libfltk_gl.a */,
				C9D38718211A425E009F7580 /* libfltk_images.a */,
				C9D3871B211A425E009F7580 /* libfltk_jpeg.a */,
				C9D38719211A425E009F7580 /* libfltk_png.a */,
				C9D3871D211A425E009F7580 /* libfltk_z.a */,
				C9D3871A211A425E009F7580 /* libfltk.a */,
				C97632DF211E395200D9D4B5 /* lib3ds.a */,
			);
			name = libs;
			sourceTree = "<group>";
		};
		C97632CE211E2FFA00D9D4B5 /* geometry */ = {
			isa = PBXGroup;
			children = (
				C97632DC211E357500D9D4B5 /* IASlice.cpp */,
				C97632DB211E357500D9D4B5 /* IASlice.h */,
				C97632D6211E33B000D9D4B5 /* IAMesh.cpp */,
				C97632D5211E33B000D9D4B5 /* IAMesh.h */,
				C97632D8211E348E00D9D4B5 /* IATriangle.cpp */,
				C97632D9211E348E00D9D4B5 /* IATriangle.h */,
				C97632D3211E325C00D9D4B5 /* IAEdge.cpp */,
				C97632D2211E325C00D9D4B5 /* IAEdge.h */,
				C97632D0211E317F00D9D4B5 /* IAVertex.cpp */,
				C97632CF211E317F00D9D4B5 /* IAVertex.h */,
				C97632C9211E2DD000D9D4B5 /* IAVector3d.cpp */,
				C97632C4211E2DD000D9D4B5 /* IAVector3d.h */,
				C938CC212126E67600BAC374 /* IAMath.cpp */,
				C938CC222126E67700BAC374 /* IAMath.h */,
			);
			path = geometry;
			sourceTree = "<group>";
		};
		C97632E4211E41F700D9D4B5 /* data */ = {
			isa = PBXGroup;
			children = (
				C97632EA211F685100D9D4B5 /* binaryData.fl */,
				C97632E7211F67F200D9D4B5 /* suzanne.stl */,
				C98C66B32120550C00BD3ACE /* xyz.stl */,
				C97632E6211E41F700D9D4B5 /* testcard1024.jpg */,
			);
			path = data;
			sourceTree = "<group>";
		};
		C97632EC211FA7CC00D9D4B5 /* printer */ = {
			isa = PBXGroup;
			children = (
				C97632ED211FA7CC00D9D4B5 /* IAPrinter.cpp */,
				C97632EE211FA7CC00D9D4B5 /* IAPrinter.h */,
			);
			path = printer;
			sourceTree = "<group>";
		};
		C98C66B421205D1D00BD3ACE /* fileformats */ = {
			isa = PBXGroup;
			children = (
				C938CC162125CFB100BAC374 /* IAGeometryReader.cxx */,
				C938CC172125CFB100BAC374 /* IAGeometryReader.h */,
				C98C66B921205D3C00BD3ACE /* IAGeometryReaderTextStl.cxx */,
				C98C66B821205D3C00BD3ACE /* IAGeometryReaderTextStl.h */,
				C938CC1F212602F600BAC374 /* IAGeometryReaderBinaryStl.cxx */,
				C938CC1E212602F600BAC374 /* IAGeometryReaderBinaryStl.h */,
				C98C66BA21205D3C00BD3ACE /* IAFmtObj3ds.cxx */,
				C98C66BB21205D3C00BD3ACE /* IAFmtObj3ds.h */,
				C98C66B621205D1D00BD3ACE /* IAFmtTexJpeg.cxx */,
				C98C66B521205D1D00BD3ACE /* IAFmtTexJpeg.h */,
				C97632DE211E394000D9D4B5 /* lib3ds.h */,
			);
			path = fileformats;
			sourceTree = "<group>";
		};
		C98C66BE212060EE00BD3ACE /* Notes */ = {
			isa = PBXGroup;
			children = (
				C98C66C02120610B00BD3ACE /* slicer.txt */,
				C98C66BF212060EE00BD3ACE /* updateFLTK.txt */,
			);
			name = Notes;
			path = ../../Notes;
			sourceTree = "<group>";
		};
		C99331EA2123881800629BE1 /* potrace */ = {
			isa = PBXGroup;
			children = (
				C99331F42123881800629BE1 /* curve.c */,
				C993320D2123881800629BE1 /* decompose.c */,
				C99332052123881800629BE1 /* potracelib_demo.c */,
				C993321A2123881800629BE1 /* potracelib.c */,
				C99331F12123881800629BE1 /* trace.c */,
				C938CC192125EF7000BAC374 /* auxiliary.h */,
				C938CC1B2125F00700BAC374 /* bitmap.h */,
				C99331FD2123881800629BE1 /* config.h */,
				C99332082123881800629BE1 /* curve.h */,
				C99331EF2123881800629BE1 /* decompose.h */,
				C938CC1C2125F05500BAC374 /* lists.h */,
				C993321C2123881800629BE1 /* platform.h */,
				C99332062123881800629BE1 /* potracelib.h */,
				C938CC1D2125F08B00BAC374 /* progress.h */,
				C993320E2123881800629BE1 /* trace.h */,
			);
			path = potrace;
			sourceTree = "<group>";
		};
		C9CD015721204C2600713CAF /* userinterface */ = {
			isa = PBXGroup;
			children = (
				C97632C6211E2DD000D9D4B5 /* IAGUIMain.fl */,
				C9CD015921204C2600713CAF /* IASceneView.cpp */,
				C9CD015821204C2600713CAF /* IASceneView.h */,
				C98C66C121208C6300BD3ACE /* IACamera.cpp */,
				C98C66C221208C6300BD3ACE /* IACamera.h */,
				C938CC142124D51200BAC374 /* IAGLButton.cpp */,
				C938CC132124D51200BAC374 /* IAGLButton.h */,
			);
			path = userinterface;
			sourceTree = "<group>";
		};
		C9D38724211A4355009F7580 /* Frameworks */ = {
			isa = PBXGroup;
			children = (
				C9D3872D211A43F2009F7580 /* AppKit.framework */,
				C9D3872B211A43D0009F7580 /* OpenGL.framework */,
				C9D38729211A436F009F7580 /* CoreText.framework */,
				C9D38727211A4363009F7580 /* CoreGraphics.framework */,
				C9D38725211A4355009F7580 /* CoreFoundation.framework */,
			);
			name = Frameworks;
			sourceTree = "<group>";
		};
		C9DC51B7211A7CDF00AE069F /* html */ = {
			isa = PBXGroup;
			children = (
				C99331E721230BDB00629BE1 /* helpLicenses.html */,
				C99331E52123068E00629BE1 /* helpAbout.html */,
				C9DC51B8211A7CDF00AE069F /* index.html */,
			);
			name = html;
			path = ../../html;
			sourceTree = "<group>";
		};
		C9E4C30E21285AFB004ED18C /* opengl */ = {
			isa = PBXGroup;
			children = (
				C9E4C31021285AFB004ED18C /* IAFramebuffer.cpp */,
				C9E4C30F21285AFB004ED18C /* IAFramebuffer.h */,
			);
			path = opengl;
			sourceTree = "<group>";
		};
/* End PBXGroup section */

/* Begin PBXNativeTarget section */
		C96B142C211A3E9E00978AC7 /* Iota */ = {
			isa = PBXNativeTarget;
			buildConfigurationList = C96B143E211A3E9F00978AC7 /* Build configuration list for PBXNativeTarget "Iota" */;
			buildPhases = (
				C96B1429211A3E9E00978AC7 /* Sources */,
				C96B142A211A3E9E00978AC7 /* Frameworks */,
				C96B142B211A3E9E00978AC7 /* Resources */,
			);
			buildRules = (
				C9D38731211A4565009F7580 /* PBXBuildRule */,
			);
			dependencies = (
			);
			name = Iota;
			productName = Iota;
			productReference = C96B142D211A3E9E00978AC7 /* Iota.app */;
			productType = "com.apple.product-type.application";
		};
/* End PBXNativeTarget section */

/* Begin PBXProject section */
		C96B1425211A3E9E00978AC7 /* Project object */ = {
			isa = PBXProject;
			attributes = {
				LastUpgradeCheck = 0940;
				ORGANIZATIONNAME = "Matthias Melcher";
				TargetAttributes = {
					C96B142C211A3E9E00978AC7 = {
						CreatedOnToolsVersion = 9.4.1;
						SystemCapabilities = {
							com.apple.Sandbox = {
								enabled = 0;
							};
						};
					};
				};
			};
			buildConfigurationList = C96B1428211A3E9E00978AC7 /* Build configuration list for PBXProject "Iota" */;
			compatibilityVersion = "Xcode 9.3";
			developmentRegion = en;
			hasScannedForEncodings = 0;
			knownRegions = (
				en,
				Base,
			);
			mainGroup = C96B1424211A3E9E00978AC7;
			productRefGroup = C96B142E211A3E9E00978AC7 /* Products */;
			projectDirPath = "";
			projectRoot = "";
			targets = (
				C96B142C211A3E9E00978AC7 /* Iota */,
			);
		};
/* End PBXProject section */

/* Begin PBXResourcesBuildPhase section */
		C96B142B211A3E9E00978AC7 /* Resources */ = {
			isa = PBXResourcesBuildPhase;
			buildActionMask = 2147483647;
			files = (
				C9DC51B9211A7CE000AE069F /* index.html in Resources */,
				C99331E62123068F00629BE1 /* helpAbout.html in Resources */,
				C99331E821230BDB00629BE1 /* helpLicenses.html in Resources */,
				C9D38737211A4B75009F7580 /* README.md in Resources */,
				C96B1434211A3E9F00978AC7 /* Assets.xcassets in Resources */,
			);
			runOnlyForDeploymentPostprocessing = 0;
		};
/* End PBXResourcesBuildPhase section */

/* Begin PBXSourcesBuildPhase section */
		C96B1429211A3E9E00978AC7 /* Sources */ = {
			isa = PBXSourcesBuildPhase;
			buildActionMask = 2147483647;
			files = (
				C993323C21238A7200629BE1 /* potracelib.c in Sources */,
				C97632D1211E317F00D9D4B5 /* IAVertex.cpp in Sources */,
				C97632CB211E2DD000D9D4B5 /* IAGUIMain.fl in Sources */,
				C938CC20212602F600BAC374 /* IAGeometryReaderBinaryStl.cxx in Sources */,
				C98C66BD21205D3C00BD3ACE /* IAFmtObj3ds.cxx in Sources */,
				C9E4C31121285AFB004ED18C /* IAFramebuffer.cpp in Sources */,
				C98C66B721205D1D00BD3ACE /* IAFmtTexJpeg.cxx in Sources */,
				C97632EB211F685100D9D4B5 /* binaryData.fl in Sources */,
				C938CC232126E67700BAC374 /* IAMath.cpp in Sources */,
				C97632D4211E325C00D9D4B5 /* IAEdge.cpp in Sources */,
				C9CD015A21204C2700713CAF /* IASceneView.cpp in Sources */,
				C98C66BC21205D3C00BD3ACE /* IAGeometryReaderTextStl.cxx in Sources */,
				C97632CA211E2DD000D9D4B5 /* Iota.cpp in Sources */,
				C98C66C321208C6400BD3ACE /* IACamera.cpp in Sources */,
				C97632EF211FA7CC00D9D4B5 /* IAPrinter.cpp in Sources */,
				C938CC152124D51200BAC374 /* IAGLButton.cpp in Sources */,
				C938CC182125CFB100BAC374 /* IAGeometryReader.cxx in Sources */,
				C97632DD211E357500D9D4B5 /* IASlice.cpp in Sources */,
				C97632D7211E33B000D9D4B5 /* IAMesh.cpp in Sources */,
				C993323921238A4900629BE1 /* curve.c in Sources */,
				C993323D21238A9700629BE1 /* potracelib_demo.c in Sources */,
				C97632CD211E2DD000D9D4B5 /* IAVector3d.cpp in Sources */,
				C993323A21238A5100629BE1 /* trace.c in Sources */,
				C97632DA211E348E00D9D4B5 /* IATriangle.cpp in Sources */,
				C993323B21238A5900629BE1 /* decompose.c in Sources */,
			);
			runOnlyForDeploymentPostprocessing = 0;
		};
/* End PBXSourcesBuildPhase section */

/* Begin XCBuildConfiguration section */
		C96B143C211A3E9F00978AC7 /* Debug */ = {
			isa = XCBuildConfiguration;
			buildSettings = {
				ALWAYS_SEARCH_USER_PATHS = NO;
				CLANG_ANALYZER_NONNULL = YES;
				CLANG_ANALYZER_NUMBER_OBJECT_CONVERSION = YES_AGGRESSIVE;
				CLANG_CXX_LANGUAGE_STANDARD = "gnu++14";
				CLANG_CXX_LIBRARY = "libc++";
				CLANG_ENABLE_MODULES = YES;
				CLANG_ENABLE_OBJC_ARC = YES;
				CLANG_ENABLE_OBJC_WEAK = YES;
				CLANG_WARN_BLOCK_CAPTURE_AUTORELEASING = YES;
				CLANG_WARN_BOOL_CONVERSION = YES;
				CLANG_WARN_COMMA = YES;
				CLANG_WARN_CONSTANT_CONVERSION = YES;
				CLANG_WARN_DEPRECATED_OBJC_IMPLEMENTATIONS = YES;
				CLANG_WARN_DIRECT_OBJC_ISA_USAGE = YES_ERROR;
				CLANG_WARN_DOCUMENTATION_COMMENTS = NO;
				CLANG_WARN_EMPTY_BODY = YES;
				CLANG_WARN_ENUM_CONVERSION = YES;
				CLANG_WARN_INFINITE_RECURSION = YES;
				CLANG_WARN_INT_CONVERSION = YES;
				CLANG_WARN_NON_LITERAL_NULL_CONVERSION = YES;
				CLANG_WARN_OBJC_IMPLICIT_RETAIN_SELF = YES;
				CLANG_WARN_OBJC_LITERAL_CONVERSION = YES;
				CLANG_WARN_OBJC_ROOT_CLASS = YES_ERROR;
				CLANG_WARN_RANGE_LOOP_ANALYSIS = YES;
				CLANG_WARN_STRICT_PROTOTYPES = YES;
				CLANG_WARN_SUSPICIOUS_MOVE = YES;
				CLANG_WARN_UNGUARDED_AVAILABILITY = YES_AGGRESSIVE;
				CLANG_WARN_UNREACHABLE_CODE = YES;
				CLANG_WARN__DUPLICATE_METHOD_MATCH = YES;
				CODE_SIGN_IDENTITY = "Mac Developer";
				COPY_PHASE_STRIP = NO;
				DEBUG_INFORMATION_FORMAT = dwarf;
				ENABLE_STRICT_OBJC_MSGSEND = YES;
				ENABLE_TESTABILITY = YES;
				GCC_C_LANGUAGE_STANDARD = gnu11;
				GCC_DYNAMIC_NO_PIC = NO;
				GCC_NO_COMMON_BLOCKS = YES;
				GCC_OPTIMIZATION_LEVEL = 0;
				GCC_PREPROCESSOR_DEFINITIONS = (
					"DEBUG=1",
					"$(inherited)",
				);
				GCC_WARN_64_TO_32_BIT_CONVERSION = YES;
				GCC_WARN_ABOUT_RETURN_TYPE = YES_ERROR;
				GCC_WARN_UNDECLARED_SELECTOR = YES;
				GCC_WARN_UNINITIALIZED_AUTOS = YES_AGGRESSIVE;
				GCC_WARN_UNUSED_FUNCTION = YES;
				GCC_WARN_UNUSED_VARIABLE = YES;
				HEADER_SEARCH_PATHS = ../../;
				MACOSX_DEPLOYMENT_TARGET = 10.13;
				MTL_ENABLE_DEBUG_INFO = YES;
				ONLY_ACTIVE_ARCH = YES;
				SDKROOT = macosx;
			};
			name = Debug;
		};
		C96B143D211A3E9F00978AC7 /* Release */ = {
			isa = XCBuildConfiguration;
			buildSettings = {
				ALWAYS_SEARCH_USER_PATHS = NO;
				CLANG_ANALYZER_NONNULL = YES;
				CLANG_ANALYZER_NUMBER_OBJECT_CONVERSION = YES_AGGRESSIVE;
				CLANG_CXX_LANGUAGE_STANDARD = "gnu++14";
				CLANG_CXX_LIBRARY = "libc++";
				CLANG_ENABLE_MODULES = YES;
				CLANG_ENABLE_OBJC_ARC = YES;
				CLANG_ENABLE_OBJC_WEAK = YES;
				CLANG_WARN_BLOCK_CAPTURE_AUTORELEASING = YES;
				CLANG_WARN_BOOL_CONVERSION = YES;
				CLANG_WARN_COMMA = YES;
				CLANG_WARN_CONSTANT_CONVERSION = YES;
				CLANG_WARN_DEPRECATED_OBJC_IMPLEMENTATIONS = YES;
				CLANG_WARN_DIRECT_OBJC_ISA_USAGE = YES_ERROR;
				CLANG_WARN_DOCUMENTATION_COMMENTS = NO;
				CLANG_WARN_EMPTY_BODY = YES;
				CLANG_WARN_ENUM_CONVERSION = YES;
				CLANG_WARN_INFINITE_RECURSION = YES;
				CLANG_WARN_INT_CONVERSION = YES;
				CLANG_WARN_NON_LITERAL_NULL_CONVERSION = YES;
				CLANG_WARN_OBJC_IMPLICIT_RETAIN_SELF = YES;
				CLANG_WARN_OBJC_LITERAL_CONVERSION = YES;
				CLANG_WARN_OBJC_ROOT_CLASS = YES_ERROR;
				CLANG_WARN_RANGE_LOOP_ANALYSIS = YES;
				CLANG_WARN_STRICT_PROTOTYPES = YES;
				CLANG_WARN_SUSPICIOUS_MOVE = YES;
				CLANG_WARN_UNGUARDED_AVAILABILITY = YES_AGGRESSIVE;
				CLANG_WARN_UNREACHABLE_CODE = YES;
				CLANG_WARN__DUPLICATE_METHOD_MATCH = YES;
				CODE_SIGN_IDENTITY = "Mac Developer";
				COPY_PHASE_STRIP = NO;
				DEBUG_INFORMATION_FORMAT = "dwarf-with-dsym";
				ENABLE_NS_ASSERTIONS = NO;
				ENABLE_STRICT_OBJC_MSGSEND = YES;
				GCC_C_LANGUAGE_STANDARD = gnu11;
				GCC_NO_COMMON_BLOCKS = YES;
				GCC_WARN_64_TO_32_BIT_CONVERSION = YES;
				GCC_WARN_ABOUT_RETURN_TYPE = YES_ERROR;
				GCC_WARN_UNDECLARED_SELECTOR = YES;
				GCC_WARN_UNINITIALIZED_AUTOS = YES_AGGRESSIVE;
				GCC_WARN_UNUSED_FUNCTION = YES;
				GCC_WARN_UNUSED_VARIABLE = YES;
				HEADER_SEARCH_PATHS = ../../;
				MACOSX_DEPLOYMENT_TARGET = 10.13;
				MTL_ENABLE_DEBUG_INFO = NO;
				SDKROOT = macosx;
			};
			name = Release;
		};
		C96B143F211A3E9F00978AC7 /* Debug */ = {
			isa = XCBuildConfiguration;
			buildSettings = {
				ASSETCATALOG_COMPILER_APPICON_NAME = AppIcon;
				CODE_SIGN_STYLE = Automatic;
				COMBINE_HIDPI_IMAGES = YES;
				DEVELOPMENT_TEAM = BK4ST6N599;
				HEADER_SEARCH_PATHS = (
					../..,
					"/Users/matt/dev/fltk-1.4.svn/jpeg",
				);
				INFOPLIST_FILE = "$(SRCROOT)/Info.plist";
				LD_RUNPATH_SEARCH_PATHS = (
					"$(inherited)",
					"@executable_path/../Frameworks",
				);
				LIBRARY_SEARCH_PATHS = (
					"$(inherited)",
					"$(PROJECT_DIR)/lib",
				);
				PRODUCT_BUNDLE_IDENTIFIER = com.matthiasm.iota.Iota;
				PRODUCT_NAME = "$(TARGET_NAME)";
			};
			name = Debug;
		};
		C96B1440211A3E9F00978AC7 /* Release */ = {
			isa = XCBuildConfiguration;
			buildSettings = {
				ASSETCATALOG_COMPILER_APPICON_NAME = AppIcon;
				CODE_SIGN_STYLE = Automatic;
				COMBINE_HIDPI_IMAGES = YES;
				DEVELOPMENT_TEAM = BK4ST6N599;
				HEADER_SEARCH_PATHS = (
					../..,
					"/Users/matt/dev/fltk-1.4.svn/jpeg",
				);
				INFOPLIST_FILE = "$(SRCROOT)/Info.plist";
				LD_RUNPATH_SEARCH_PATHS = (
					"$(inherited)",
					"@executable_path/../Frameworks",
				);
				LIBRARY_SEARCH_PATHS = (
					"$(inherited)",
					"$(PROJECT_DIR)/lib",
				);
				PRODUCT_BUNDLE_IDENTIFIER = com.matthiasm.iota.Iota;
				PRODUCT_NAME = "$(TARGET_NAME)";
			};
			name = Release;
		};
/* End XCBuildConfiguration section */

/* Begin XCConfigurationList section */
		C96B1428211A3E9E00978AC7 /* Build configuration list for PBXProject "Iota" */ = {
			isa = XCConfigurationList;
			buildConfigurations = (
				C96B143C211A3E9F00978AC7 /* Debug */,
				C96B143D211A3E9F00978AC7 /* Release */,
			);
			defaultConfigurationIsVisible = 0;
			defaultConfigurationName = Release;
		};
		C96B143E211A3E9F00978AC7 /* Build configuration list for PBXNativeTarget "Iota" */ = {
			isa = XCConfigurationList;
			buildConfigurations = (
				C96B143F211A3E9F00978AC7 /* Debug */,
				C96B1440211A3E9F00978AC7 /* Release */,
			);
			defaultConfigurationIsVisible = 0;
			defaultConfigurationName = Release;
		};
/* End XCConfigurationList section */
	};
	rootObject = C96B1425211A3E9E00978AC7 /* Project object */;
}
