<?xml version="1.0" encoding="utf-8"?>
<Project ToolsVersion="4.0" xmlns="http://schemas.microsoft.com/developer/msbuild/2003">
  <ItemGroup>
    <Filter Include="Resource Files">
      <UniqueIdentifier>{67DA6AB6-F800-4c08-8B7A-83BB121AAD01}</UniqueIdentifier>
      <Extensions>rc;ico;cur;bmp;dlg;rc2;rct;bin;rgs;gif;jpg;jpeg;jpe;resx;tiff;tif;png;wav;mfcribbon-ms</Extensions>
    </Filter>
    <Filter Include="src">
      <UniqueIdentifier>{4FC737F1-C7A5-4376-A066-2A32D752A2FF}</UniqueIdentifier>
      <Extensions>cpp;c;cc;cxx;def;odl;idl;hpj;bat;asm;asmx</Extensions>
    </Filter>
    <Filter Include="src\printer">
      <UniqueIdentifier>{1a2c747e-9a82-41c1-ad25-901075f0a367}</UniqueIdentifier>
    </Filter>
    <Filter Include="src\fileformats">
      <UniqueIdentifier>{9afd96bc-d90d-44a8-9b96-3f0b53448f9d}</UniqueIdentifier>
    </Filter>
    <Filter Include="src\data">
      <UniqueIdentifier>{9b69a912-73df-403e-832c-c5951991b3d8}</UniqueIdentifier>
    </Filter>
    <Filter Include="src\userInterface">
      <UniqueIdentifier>{5d7f4986-bd29-4117-9b74-1432a7b61d38}</UniqueIdentifier>
    </Filter>
    <Filter Include="libs">
      <UniqueIdentifier>{2f67ad00-e7bd-467f-b0b2-acedc3ff11c0}</UniqueIdentifier>
    </Filter>
    <Filter Include="src\geometry">
      <UniqueIdentifier>{c49362c6-655a-4751-b98c-8e221a986b2c}</UniqueIdentifier>
    </Filter>
    <Filter Include="html">
      <UniqueIdentifier>{0ad20a25-205e-4f09-a4dd-e1908078299d}</UniqueIdentifier>
    </Filter>
    <Filter Include="src\opengl">
      <UniqueIdentifier>{98b1f1d3-4fd1-4c8c-a8a2-1e3225454d4a}</UniqueIdentifier>
    </Filter>
    <Filter Include="src\potrace">
      <UniqueIdentifier>{f0cfdbd4-2007-4a7b-9ef0-733446d9259b}</UniqueIdentifier>
    </Filter>
    <Filter Include="src\toolpath">
      <UniqueIdentifier>{5da277f0-54f1-4c9b-8e5a-2ea3fd37e97d}</UniqueIdentifier>
    </Filter>
    <Filter Include="src\app">
      <UniqueIdentifier>{f4f8196a-295c-4f84-8580-03cc1890a12e}</UniqueIdentifier>
    </Filter>
  </ItemGroup>
  <ItemGroup>
    <ClCompile Include="..\..\..\src\geometry\IAEdge.cpp">
      <Filter>src\geometry</Filter>
    </ClCompile>
    <ClCompile Include="..\..\..\src\geometry\IAMesh.cpp">
      <Filter>src\geometry</Filter>
    </ClCompile>
    <ClCompile Include="..\..\..\src\geometry\IASlice.cpp">
      <Filter>src\geometry</Filter>
    </ClCompile>
    <ClCompile Include="..\..\..\src\geometry\IATriangle.cpp">
      <Filter>src\geometry</Filter>
    </ClCompile>
    <ClCompile Include="..\..\..\src\geometry\IAVector3d.cpp">
      <Filter>src\geometry</Filter>
    </ClCompile>
    <ClCompile Include="..\..\..\src\geometry\IAVertex.cpp">
      <Filter>src\geometry</Filter>
    </ClCompile>
    <ClCompile Include="..\..\..\src\fileformats\IAFmtObj3ds.cxx">
      <Filter>src\fileformats</Filter>
    </ClCompile>
    <ClCompile Include="..\..\..\src\fileformats\IAFmtTexJpeg.cxx">
      <Filter>src\fileformats</Filter>
    </ClCompile>
    <ClCompile Include="..\..\..\src\printer\IAPrinter.cpp">
      <Filter>src\printer</Filter>
    </ClCompile>
    <ClCompile Include="..\..\..\src\userinterface\IACamera.cpp">
      <Filter>src\userInterface</Filter>
    </ClCompile>
    <ClCompile Include="..\..\..\src\data\binaryData.cpp">
      <Filter>src\data</Filter>
    </ClCompile>
    <ClCompile Include="..\..\..\src\userinterface\IAGUIMain.cpp">
      <Filter>src\userInterface</Filter>
    </ClCompile>
    <ClCompile Include="..\..\..\src\Iota.cpp">
      <Filter>src</Filter>
    </ClCompile>
    <ClCompile Include="..\..\..\src\userinterface\IAGLButton.cpp">
      <Filter>src\userInterface</Filter>
    </ClCompile>
    <ClCompile Include="..\..\..\src\fileformats\IAGeometryReader.cxx">
      <Filter>src\fileformats</Filter>
    </ClCompile>
    <ClCompile Include="..\..\..\src\fileformats\IAGeometryReaderBinaryStl.cxx">
      <Filter>src\fileformats</Filter>
    </ClCompile>
    <ClCompile Include="..\..\..\src\fileformats\IAGeometryReaderTextStl.cxx">
      <Filter>src\fileformats</Filter>
    </ClCompile>
    <ClCompile Include="..\..\..\src\userinterface\IASceneView.cpp">
      <Filter>src\userInterface</Filter>
    </ClCompile>
    <ClCompile Include="..\..\..\src\opengl\IAFramebuffer.cpp">
      <Filter>src\opengl</Filter>
    </ClCompile>
    <ClCompile Include="..\..\..\src\geometry\IAMath.cpp">
      <Filter>src\geometry</Filter>
    </ClCompile>
    <ClCompile Include="..\..\..\src\potrace\curve.c">
      <Filter>src\potrace</Filter>
    </ClCompile>
    <ClCompile Include="..\..\..\src\potrace\decompose.c">
      <Filter>src\potrace</Filter>
    </ClCompile>
    <ClCompile Include="..\..\..\src\potrace\potracelib.c">
      <Filter>src\potrace</Filter>
    </ClCompile>
    <ClCompile Include="..\..\..\src\potrace\trace.c">
      <Filter>src\potrace</Filter>
    </ClCompile>
    <ClCompile Include="..\..\..\src\toolpath\IAToolpath.cpp">
      <Filter>src\toolpath</Filter>
    </ClCompile>
    <ClCompile Include="..\..\..\src\potrace\IAPotrace.cpp">
      <Filter>src\potrace</Filter>
    </ClCompile>
    <ClCompile Include="..\..\..\src\toolpath\IAGcodeWriter.cpp">
      <Filter>src\toolpath</Filter>
    </ClCompile>
    <ClCompile Include="..\..\..\src\toolpath\IADxfWriter.cpp">
      <Filter>src\toolpath</Filter>
    </ClCompile>
    <ClCompile Include="..\..\..\src\printer\IAPrinterFDM.cpp">
      <Filter>src\printer</Filter>
    </ClCompile>
    <ClCompile Include="..\..\..\src\printer\IAPrinterFDMBelt.cpp">
      <Filter>src\printer</Filter>
    </ClCompile>
    <ClCompile Include="..\..\..\src\printer\IAPrinterInkjet.cpp">
      <Filter>src\printer</Filter>
    </ClCompile>
    <ClCompile Include="..\..\..\src\printer\IAPrinterLasercutter.cpp">
      <Filter>src\printer</Filter>
    </ClCompile>
    <ClCompile Include="..\..\..\src\printer\IAPrinterSLS.cpp">
      <Filter>src\printer</Filter>
    </ClCompile>
    <ClCompile Include="..\..\..\src\userinterface\IAProgressDialog.cpp">
      <Filter>src\userInterface</Filter>
    </ClCompile>
    <ClCompile Include="..\..\..\src\userinterface\IAGLRangeSlider.cxx">
      <Filter>src\userInterface</Filter>
    </ClCompile>
    <ClCompile Include="..\..\..\src\app\IAError.cpp">
      <Filter>src\app</Filter>
    </ClCompile>
    <ClCompile Include="..\..\..\src\app\IAPreferences.cpp">
      <Filter>src\app</Filter>
    </ClCompile>
    <ClCompile Include="..\..\..\src\app\IAVersioneer.cpp">
      <Filter>src\app</Filter>
    </ClCompile>
    <ClCompile Include="..\..\..\src\printer\IAPrinterList.cpp">
      <Filter>src\printer</Filter>
    </ClCompile>
    <ClCompile Include="..\..\..\src\printer\IASetting.cpp">
      <Filter>src\printer</Filter>
    </ClCompile>
  </ItemGroup>
  <ItemGroup>
    <ClInclude Include="..\..\..\src\geometry\IAEdge.h">
      <Filter>src\geometry</Filter>
    </ClInclude>
    <ClInclude Include="..\..\..\src\geometry\IAMesh.h">
      <Filter>src\geometry</Filter>
    </ClInclude>
    <ClInclude Include="..\..\..\src\geometry\IASlice.h">
      <Filter>src\geometry</Filter>
    </ClInclude>
    <ClInclude Include="..\..\..\src\geometry\IATriangle.h">
      <Filter>src\geometry</Filter>
    </ClInclude>
    <ClInclude Include="..\..\..\src\geometry\IAVector3d.h">
      <Filter>src\geometry</Filter>
    </ClInclude>
    <ClInclude Include="..\..\..\src\geometry\IAVertex.h">
      <Filter>src\geometry</Filter>
    </ClInclude>
    <ClInclude Include="..\..\..\src\fileformats\IAFmtObj3ds.h">
      <Filter>src\fileformats</Filter>
    </ClInclude>
    <ClInclude Include="..\..\..\src\fileformats\IAFmtTexJpeg.h">
      <Filter>src\fileformats</Filter>
    </ClInclude>
    <ClInclude Include="..\..\..\src\fileformats\lib3ds.h">
      <Filter>src\fileformats</Filter>
    </ClInclude>
    <ClInclude Include="..\..\..\src\printer\IAPrinter.h">
      <Filter>src\printer</Filter>
    </ClInclude>
    <ClInclude Include="..\..\..\src\userinterface\IACamera.h">
      <Filter>src\userInterface</Filter>
    </ClInclude>
    <ClInclude Include="..\..\..\src\data\binaryData.h">
      <Filter>src\data</Filter>
    </ClInclude>
    <ClInclude Include="..\..\..\src\userinterface\IAGUIMain.h">
      <Filter>src\userInterface</Filter>
    </ClInclude>
    <ClInclude Include="..\..\..\src\Iota.h">
      <Filter>src</Filter>
    </ClInclude>
    <ClInclude Include="..\..\..\src\userinterface\IAGLButton.h">
      <Filter>src\userInterface</Filter>
    </ClInclude>
    <ClInclude Include="..\..\..\src\fileformats\IAGeometryReader.h">
      <Filter>src\fileformats</Filter>
    </ClInclude>
    <ClInclude Include="..\..\..\src\fileformats\IAGeometryReaderBinaryStl.h">
      <Filter>src\fileformats</Filter>
    </ClInclude>
    <ClInclude Include="..\..\..\src\fileformats\IAGeometryReaderTextStl.h">
      <Filter>src\fileformats</Filter>
    </ClInclude>
    <ClInclude Include="..\..\..\src\userinterface\IASceneView.h">
      <Filter>src\userInterface</Filter>
    </ClInclude>
    <ClInclude Include="..\..\..\src\opengl\IAFramebuffer.h">
      <Filter>src\opengl</Filter>
    </ClInclude>
    <ClInclude Include="..\..\..\src\geometry\IAMath.h">
      <Filter>src\geometry</Filter>
    </ClInclude>
    <ClInclude Include="..\..\..\src\potrace\auxiliary.h">
      <Filter>src\potrace</Filter>
    </ClInclude>
    <ClInclude Include="..\..\..\src\potrace\bitmap.h">
      <Filter>src\potrace</Filter>
    </ClInclude>
    <ClInclude Include="..\..\..\src\potrace\config.h">
      <Filter>src\potrace</Filter>
    </ClInclude>
    <ClInclude Include="..\..\..\src\potrace\curve.h">
      <Filter>src\potrace</Filter>
    </ClInclude>
    <ClInclude Include="..\..\..\src\potrace\decompose.h">
      <Filter>src\potrace</Filter>
    </ClInclude>
    <ClInclude Include="..\..\..\src\potrace\lists.h">
      <Filter>src\potrace</Filter>
    </ClInclude>
    <ClInclude Include="..\..\..\src\potrace\platform.h">
      <Filter>src\potrace</Filter>
    </ClInclude>
    <ClInclude Include="..\..\..\src\potrace\potracelib.h">
      <Filter>src\potrace</Filter>
    </ClInclude>
    <ClInclude Include="..\..\..\src\potrace\progress.h">
      <Filter>src\potrace</Filter>
    </ClInclude>
    <ClInclude Include="..\..\..\src\potrace\trace.h">
      <Filter>src\potrace</Filter>
    </ClInclude>
    <ClInclude Include="..\..\..\src\toolpath\IAToolpath.h">
      <Filter>src\toolpath</Filter>
    </ClInclude>
    <ClInclude Include="..\..\..\src\potrace\IAPotrace.h">
      <Filter>src\potrace</Filter>
    </ClInclude>
    <ClInclude Include="..\..\..\src\toolpath\IAGcodeWriter.h">
      <Filter>src\toolpath</Filter>
    </ClInclude>
    <ClInclude Include="..\..\..\src\toolpath\IADxfWriter.h">
      <Filter>src\toolpath</Filter>
    </ClInclude>
    <ClInclude Include="..\..\..\src\printer\IAPrinterFDM.h">
      <Filter>src\printer</Filter>
    </ClInclude>
    <ClInclude Include="..\..\..\src\printer\IAPrinterFDMBelt.h">
      <Filter>src\printer</Filter>
    </ClInclude>
    <ClInclude Include="..\..\..\src\printer\IAPrinterInkjet.h">
      <Filter>src\printer</Filter>
    </ClInclude>
    <ClInclude Include="..\..\..\src\printer\IAPrinterLasercutter.h">
      <Filter>src\printer</Filter>
    </ClInclude>
    <ClInclude Include="..\..\..\src\printer\IAPrinterSLS.h">
      <Filter>src\printer</Filter>
    </ClInclude>
    <ClInclude Include="..\..\..\src\userinterface\IAProgressDialog.h">
      <Filter>src\userInterface</Filter>
    </ClInclude>
    <ClInclude Include="..\..\..\src\userinterface\IAGLRangeSlider.h">
      <Filter>src\userInterface</Filter>
    </ClInclude>
    <ClInclude Include="..\..\..\src\app\IAError.h">
      <Filter>src\app</Filter>
    </ClInclude>
    <ClInclude Include="..\..\..\src\app\IAMacros.h">
      <Filter>src\app</Filter>
    </ClInclude>
    <ClInclude Include="..\..\..\src\app\IAPreferences.h">
      <Filter>src\app</Filter>
    </ClInclude>
    <ClInclude Include="..\..\..\src\app\IAVersioneer.h">
      <Filter>src\app</Filter>
    </ClInclude>
    <ClInclude Include="..\..\..\src\printer\IAPrinterList.h">
      <Filter>src\printer</Filter>
    </ClInclude>
    <ClInclude Include="..\..\..\src\printer\IASetting.h">
      <Filter>src\printer</Filter>
    </ClInclude>
  </ItemGroup>
  <ItemGroup>
    <None Include="..\..\..\src\data\suzanne.stl">
      <Filter>src\data</Filter>
    </None>
    <None Include="..\..\..\src\data\xyz.stl">
      <Filter>src\data</Filter>
    </None>
    <None Include="..\..\..\html\index.html">
      <Filter>html</Filter>
    </None>
    <None Include="..\..\..\html\helpAbout.html">
      <Filter>html</Filter>
    </None>
    <None Include="..\..\..\html\helpLicenses.html">
      <Filter>html</Filter>
    </None>
    <None Include="..\..\..\README.md" />
  </ItemGroup>
  <ItemGroup>
    <Image Include="..\..\..\src\data\testcard1024.jpg">
      <Filter>src\data</Filter>
    </Image>
  </ItemGroup>
  <ItemGroup>
    <Library Include="..\lib\fltk.lib">
      <Filter>libs</Filter>
    </Library>
    <Library Include="..\lib\fltk_gl.lib">
      <Filter>libs</Filter>
    </Library>
    <Library Include="..\lib\fltk_images.lib">
      <Filter>libs</Filter>
    </Library>
    <Library Include="..\lib\fltk_jpeg.lib">
      <Filter>libs</Filter>
    </Library>
    <Library Include="..\lib\fltk_png.lib">
      <Filter>libs</Filter>
    </Library>
    <Library Include="..\lib\fltk_z.lib">
      <Filter>libs</Filter>
    </Library>
  </ItemGroup>
  <ItemGroup>
    <CustomBuild Include="..\..\..\src\data\binaryData.fl">
      <Filter>src\data</Filter>
    </CustomBuild>
    <CustomBuild Include="..\..\..\src\userinterface\IAGUIMain.fl">
      <Filter>src\userInterface</Filter>
    </CustomBuild>
  </ItemGroup>
</Project>